
Microsoft Visual Studio Solution File, Format Version 12.00
# Visual Studio Version 16
VisualStudioVersion = 16.0.29306.81
MinimumVisualStudioVersion = 10.0.40219.1
Project("{FAE04EC0-301F-11D3-BF4B-00C04F79EFBC}") = "ClientServerChat", "ClientServerChat\ClientServerChat.csproj", "{471C1CBD-E8F8-4D52-B01F-BFEC52B5F547}"
EndProject
Global
	GlobalSection(SolutionConfigurationPlatforms) = preSolution
		Debug|Any CPU = Debug|Any CPU
		Release|Any CPU = Release|Any CPU
	EndGlobalSection
	GlobalSection(ProjectConfigurationPlatforms) = postSolution
		{471C1CBD-E8F8-4D52-B01F-BFEC52B5F547}.Debug|Any CPU.ActiveCfg = Debug|Any CPU
		{471C1CBD-E8F8-4D52-B01F-BFEC52B5F547}.Debug|Any CPU.Build.0 = Debug|Any CPU
		{471C1CBD-E8F8-4D52-B01F-BFEC52B5F547}.Release|Any CPU.ActiveCfg = Release|Any CPU
		{471C1CBD-E8F8-4D52-B01F-BFEC52B5F547}.Release|Any CPU.Build.0 = Release|Any CPU
	EndGlobalSection
	GlobalSection(SolutionProperties) = preSolution
		HideSolutionNode = FALSE
	EndGlobalSection
	GlobalSection(ExtensibilityGlobals) = postSolution
		SolutionGuid = {79BB747E-AC88-4088-BBBB-2423D884E79B}
	EndGlobalSection
EndGlobal
